// !$*UTF8*$!
{
	archiveVersion = 1;
	classes = {
	};
	objectVersion = 77;
	objects = {

/* Begin PBXBuildFile section */
		918FC4FC2DC49DA60007616C /* TaskDetailView.swift in Sources */ = {isa = PBXBuildFile; fileRef = 918FC4F62DC49DA60007616C /* TaskDetailView.swift */; };
		918FC4FD2DC49DA60007616C /* Session.swift in Sources */ = {isa = PBXBuildFile; fileRef = 918FC4DE2DC49DA60007616C /* Session.swift */; };
		918FC4FE2DC49DA60007616C /* RhythmApp.swift in Sources */ = {isa = PBXBuildFile; fileRef = 918FC4E52DC49DA60007616C /* RhythmApp.swift */; };
		918FC4FF2DC49DA60007616C /* SettingsView.swift in Sources */ = {isa = PBXBuildFile; fileRef = 918FC4F52DC49DA60007616C /* SettingsView.swift */; };
		918FC5002DC49DA60007616C /* PomodoroView.swift in Sources */ = {isa = PBXBuildFile; fileRef = 918FC4F42DC49DA60007616C /* PomodoroView.swift */; };
		918FC5012DC49DA60007616C /* RhythmTests.swift in Sources */ = {isa = PBXBuildFile; fileRef = 918FC4E62DC49DA60007616C /* RhythmTests.swift */; };
		918FC5022DC49DA60007616C /* Constants.swift in Sources */ = {isa = PBXBuildFile; fileRef = 918FC4E12DC49DA60007616C /* Constants.swift */; };
		918FC5032DC49DA60007616C /* SettingsViewModel.swift in Sources */ = {isa = PBXBuildFile; fileRef = 918FC4EF2DC49DA60007616C /* SettingsViewModel.swift */; };
		918FC5042DC49DA60007616C /* TaskDataService.swift in Sources */ = {isa = PBXBuildFile; fileRef = 918FC4ED2DC49DA60007616C /* TaskDataService.swift */; };
		918FC5052DC49DA60007616C /* TaskViewModel.swift in Sources */ = {isa = PBXBuildFile; fileRef = 918FC4F02DC49DA60007616C /* TaskViewModel.swift */; };
		918FC5062DC49DA60007616C /* NotificationService.swift in Sources */ = {isa = PBXBuildFile; fileRef = 918FC4EB2DC49DA60007616C /* NotificationService.swift */; };
		918FC5072DC49DA60007616C /* HomeView.swift in Sources */ = {isa = PBXBuildFile; fileRef = 918FC4F32DC49DA60007616C /* HomeView.swift */; };
		918FC5082DC49DA60007616C /* TaskListView.swift in Sources */ = {isa = PBXBuildFile; fileRef = 918FC4F72DC49DA60007616C /* TaskListView.swift */; };
		918FC5092DC49DA60007616C /* TimerControlsView.swift in Sources */ = {isa = PBXBuildFile; fileRef = 918FC4F82DC49DA60007616C /* TimerControlsView.swift */; };
		918FC50A2DC49DA60007616C /* RhythmUITestsLaunchTests.swift in Sources */ = {isa = PBXBuildFile; fileRef = 918FC4E92DC49DA60007616C /* RhythmUITestsLaunchTests.swift */; };
		918FC50B2DC49DA60007616C /* RhythmUITests.swift in Sources */ = {isa = PBXBuildFile; fileRef = 918FC4E82DC49DA60007616C /* RhythmUITests.swift */; };
		918FC50C2DC49DA60007616C /* Task.swift in Sources */ = {isa = PBXBuildFile; fileRef = 918FC4DF2DC49DA60007616C /* Task.swift */; };
		918FC50D2DC49DA60007616C /* ContentView.swift in Sources */ = {isa = PBXBuildFile; fileRef = 918FC4D82DC49DA60007616C /* ContentView.swift */; };
		918FC50E2DC49DA60007616C /* PomodoroScheduler.swift in Sources */ = {isa = PBXBuildFile; fileRef = 918FC4EC2DC49DA60007616C /* PomodoroScheduler.swift */; };
		918FC50F2DC49DA60007616C /* TimerHelper.swift in Sources */ = {isa = PBXBuildFile; fileRef = 918FC4DC2DC49DA60007616C /* TimerHelper.swift */; };
		918FC5102DC49DA60007616C /* TimerViewModel.swift in Sources */ = {isa = PBXBuildFile; fileRef = 918FC4F12DC49DA60007616C /* TimerViewModel.swift */; };
		918FC5112DC49DA60007616C /* Date+Extensions.swift in Sources */ = {isa = PBXBuildFile; fileRef = 918FC4D92DC49DA60007616C /* Date+Extensions.swift */; };
		918FC5122DC49DA60007616C /* Assets.xcassets in Resources */ = {isa = PBXBuildFile; fileRef = 918FC4D72DC49DA60007616C /* Assets.xcassets */; };
		918FC5132DC49DA60007616C /* GoogleService-Info.plist in Resources */ = {isa = PBXBuildFile; fileRef = 918FC4DB2DC49DA60007616C /* GoogleService-Info.plist */; };
		918FC5162DC49E7F0007616C /* FirebaseAnalytics in Frameworks */ = {isa = PBXBuildFile; productRef = 918FC5152DC49E7F0007616C /* FirebaseAnalytics */; };
		918FC5182DC49E7F0007616C /* FirebaseAnalyticsOnDeviceConversion in Frameworks */ = {isa = PBXBuildFile; productRef = 918FC5172DC49E7F0007616C /* FirebaseAnalyticsOnDeviceConversion */; };
		918FC51A2DC49E7F0007616C /* FirebaseAnalyticsWithoutAdIdSupport in Frameworks */ = {isa = PBXBuildFile; productRef = 918FC5192DC49E7F0007616C /* FirebaseAnalyticsWithoutAdIdSupport */; };
		918FC51C2DC49E7F0007616C /* FirebaseAppCheck in Frameworks */ = {isa = PBXBuildFile; productRef = 918FC51B2DC49E7F0007616C /* FirebaseAppCheck */; };
		918FC51E2DC49E7F0007616C /* FirebaseAppDistribution-Beta in Frameworks */ = {isa = PBXBuildFile; productRef = 918FC51D2DC49E7F0007616C /* FirebaseAppDistribution-Beta */; };
/* End PBXBuildFile section */

/* Begin PBXContainerItemProxy section */
		916895A82DC46FEE0097BA88 /* PBXContainerItemProxy */ = {
			isa = PBXContainerItemProxy;
			containerPortal = 916895912DC46FEC0097BA88 /* Project object */;
			proxyType = 1;
			remoteGlobalIDString = 916895982DC46FEC0097BA88;
			remoteInfo = Rhythm;
		};
		916895B22DC46FEE0097BA88 /* PBXContainerItemProxy */ = {
			isa = PBXContainerItemProxy;
			containerPortal = 916895912DC46FEC0097BA88 /* Project object */;
			proxyType = 1;
			remoteGlobalIDString = 916895982DC46FEC0097BA88;
			remoteInfo = Rhythm;
		};
/* End PBXContainerItemProxy section */

/* Begin PBXFileReference section */
		916895992DC46FEC0097BA88 /* Rhythm.app */ = {isa = PBXFileReference; explicitFileType = wrapper.application; includeInIndex = 0; path = Rhythm.app; sourceTree = BUILT_PRODUCTS_DIR; };
		916895A72DC46FEE0097BA88 /* RhythmTests.xctest */ = {isa = PBXFileReference; explicitFileType = wrapper.cfbundle; includeInIndex = 0; path = RhythmTests.xctest; sourceTree = BUILT_PRODUCTS_DIR; };
		916895B12DC46FEE0097BA88 /* RhythmUITests.xctest */ = {isa = PBXFileReference; explicitFileType = wrapper.cfbundle; includeInIndex = 0; path = RhythmUITests.xctest; sourceTree = BUILT_PRODUCTS_DIR; };
		918FC4D72DC49DA60007616C /* Assets.xcassets */ = {isa = PBXFileReference; lastKnownFileType = folder.assetcatalog; path = Assets.xcassets; sourceTree = "<group>"; };
		918FC4D82DC49DA60007616C /* ContentView.swift */ = {isa = PBXFileReference; lastKnownFileType = sourcecode.swift; path = ContentView.swift; sourceTree = "<group>"; };
		918FC4D92DC49DA60007616C /* Date+Extensions.swift */ = {isa = PBXFileReference; lastKnownFileType = sourcecode.swift; path = "Date+Extensions.swift"; sourceTree = "<group>"; };
		918FC4DB2DC49DA60007616C /* GoogleService-Info.plist */ = {isa = PBXFileReference; lastKnownFileType = text.plist.xml; path = "GoogleService-Info.plist"; sourceTree = "<group>"; };
		918FC4DC2DC49DA60007616C /* TimerHelper.swift */ = {isa = PBXFileReference; lastKnownFileType = sourcecode.swift; path = TimerHelper.swift; sourceTree = "<group>"; };
		918FC4DE2DC49DA60007616C /* Session.swift */ = {isa = PBXFileReference; lastKnownFileType = sourcecode.swift; path = Session.swift; sourceTree = "<group>"; };
		918FC4DF2DC49DA60007616C /* Task.swift */ = {isa = PBXFileReference; lastKnownFileType = sourcecode.swift; path = Task.swift; sourceTree = "<group>"; };
		918FC4E12DC49DA60007616C /* Constants.swift */ = {isa = PBXFileReference; lastKnownFileType = sourcecode.swift; path = Constants.swift; sourceTree = "<group>"; };
		918FC4E32DC49DA60007616C /* Rhythm.entitlements */ = {isa = PBXFileReference; lastKnownFileType = text.plist.entitlements; path = Rhythm.entitlements; sourceTree = "<group>"; };
		918FC4E42DC49DA60007616C /* Rhythm.xcodeproj */ = {isa = PBXFileReference; lastKnownFileType = "wrapper.pb-project"; path = Rhythm.xcodeproj; sourceTree = "<group>"; };
		918FC4E52DC49DA60007616C /* RhythmApp.swift */ = {isa = PBXFileReference; lastKnownFileType = sourcecode.swift; path = RhythmApp.swift; sourceTree = "<group>"; };
		918FC4E62DC49DA60007616C /* RhythmTests.swift */ = {isa = PBXFileReference; lastKnownFileType = sourcecode.swift; path = RhythmTests.swift; sourceTree = "<group>"; };
		918FC4E82DC49DA60007616C /* RhythmUITests.swift */ = {isa = PBXFileReference; lastKnownFileType = sourcecode.swift; path = RhythmUITests.swift; sourceTree = "<group>"; };
		918FC4E92DC49DA60007616C /* RhythmUITestsLaunchTests.swift */ = {isa = PBXFileReference; lastKnownFileType = sourcecode.swift; path = RhythmUITestsLaunchTests.swift; sourceTree = "<group>"; };
		918FC4EB2DC49DA60007616C /* NotificationService.swift */ = {isa = PBXFileReference; lastKnownFileType = sourcecode.swift; path = NotificationService.swift; sourceTree = "<group>"; };
		918FC4EC2DC49DA60007616C /* PomodoroScheduler.swift */ = {isa = PBXFileReference; lastKnownFileType = sourcecode.swift; path = PomodoroScheduler.swift; sourceTree = "<group>"; };
		918FC4ED2DC49DA60007616C /* TaskDataService.swift */ = {isa = PBXFileReference; lastKnownFileType = sourcecode.swift; path = TaskDataService.swift; sourceTree = "<group>"; };
		918FC4EF2DC49DA60007616C /* SettingsViewModel.swift */ = {isa = PBXFileReference; lastKnownFileType = sourcecode.swift; path = SettingsViewModel.swift; sourceTree = "<group>"; };
		918FC4F02DC49DA60007616C /* TaskViewModel.swift */ = {isa = PBXFileReference; lastKnownFileType = sourcecode.swift; path = TaskViewModel.swift; sourceTree = "<group>"; };
		918FC4F12DC49DA60007616C /* TimerViewModel.swift */ = {isa = PBXFileReference; lastKnownFileType = sourcecode.swift; path = TimerViewModel.swift; sourceTree = "<group>"; };
		918FC4F32DC49DA60007616C /* HomeView.swift */ = {isa = PBXFileReference; lastKnownFileType = sourcecode.swift; path = HomeView.swift; sourceTree = "<group>"; };
		918FC4F42DC49DA60007616C /* PomodoroView.swift */ = {isa = PBXFileReference; lastKnownFileType = sourcecode.swift; path = PomodoroView.swift; sourceTree = "<group>"; };
		918FC4F52DC49DA60007616C /* SettingsView.swift */ = {isa = PBXFileReference; lastKnownFileType = sourcecode.swift; path = SettingsView.swift; sourceTree = "<group>"; };
		918FC4F62DC49DA60007616C /* TaskDetailView.swift */ = {isa = PBXFileReference; lastKnownFileType = sourcecode.swift; path = TaskDetailView.swift; sourceTree = "<group>"; };
		918FC4F72DC49DA60007616C /* TaskListView.swift */ = {isa = PBXFileReference; lastKnownFileType = sourcecode.swift; path = TaskListView.swift; sourceTree = "<group>"; };
		918FC4F82DC49DA60007616C /* TimerControlsView.swift */ = {isa = PBXFileReference; lastKnownFileType = sourcecode.swift; path = TimerControlsView.swift; sourceTree = "<group>"; };
/* End PBXFileReference section */

/* Begin PBXFileSystemSynchronizedRootGroup section */
		9168959B2DC46FEC0097BA88 /* Rhythm */ = {
			isa = PBXFileSystemSynchronizedRootGroup;
			path = Rhythm;
			sourceTree = "<group>";
		};
		916895AA2DC46FEE0097BA88 /* RhythmTests */ = {
			isa = PBXFileSystemSynchronizedRootGroup;
			path = RhythmTests;
			sourceTree = "<group>";
		};
		916895B42DC46FEE0097BA88 /* RhythmUITests */ = {
			isa = PBXFileSystemSynchronizedRootGroup;
			path = RhythmUITests;
			sourceTree = "<group>";
		};
/* End PBXFileSystemSynchronizedRootGroup section */

/* Begin PBXFrameworksBuildPhase section */
		916895962DC46FEC0097BA88 /* Frameworks */ = {
			isa = PBXFrameworksBuildPhase;
			buildActionMask = 2147483647;
			files = (
				918FC51C2DC49E7F0007616C /* FirebaseAppCheck in Frameworks */,
				918FC5162DC49E7F0007616C /* FirebaseAnalytics in Frameworks */,
				918FC51E2DC49E7F0007616C /* FirebaseAppDistribution-Beta in Frameworks */,
				918FC51A2DC49E7F0007616C /* FirebaseAnalyticsWithoutAdIdSupport in Frameworks */,
				918FC5182DC49E7F0007616C /* FirebaseAnalyticsOnDeviceConversion in Frameworks */,
			);
			runOnlyForDeploymentPostprocessing = 0;
		};
		916895A42DC46FEE0097BA88 /* Frameworks */ = {
			isa = PBXFrameworksBuildPhase;
			buildActionMask = 2147483647;
			files = (
			);
			runOnlyForDeploymentPostprocessing = 0;
		};
		916895AE2DC46FEE0097BA88 /* Frameworks */ = {
			isa = PBXFrameworksBuildPhase;
			buildActionMask = 2147483647;
			files = (
			);
			runOnlyForDeploymentPostprocessing = 0;
		};
/* End PBXFrameworksBuildPhase section */

/* Begin PBXGroup section */
		916895902DC46FEC0097BA88 = {
			isa = PBXGroup;
			children = (
				918FC4D72DC49DA60007616C /* Assets.xcassets */,
				918FC4D82DC49DA60007616C /* ContentView.swift */,
				918FC4DA2DC49DA60007616C /* Extensions */,
				918FC4DB2DC49DA60007616C /* GoogleService-Info.plist */,
				918FC4DD2DC49DA60007616C /* Helpers */,
				918FC4E02DC49DA60007616C /* Models */,
				918FC4E22DC49DA60007616C /* Resources */,
				918FC4E32DC49DA60007616C /* Rhythm.entitlements */,
				918FC4E42DC49DA60007616C /* Rhythm.xcodeproj */,
				918FC4E52DC49DA60007616C /* RhythmApp.swift */,
				918FC4E72DC49DA60007616C /* RhythmTests */,
				918FC4EA2DC49DA60007616C /* RhythmUITests */,
				918FC4EE2DC49DA60007616C /* Services */,
				918FC4F22DC49DA60007616C /* ViewModels */,
				918FC4F92DC49DA60007616C /* Views */,
				9168959B2DC46FEC0097BA88 /* Rhythm */,
				916895AA2DC46FEE0097BA88 /* RhythmTests */,
				916895B42DC46FEE0097BA88 /* RhythmUITests */,
				9168959A2DC46FEC0097BA88 /* Products */,
			);
			sourceTree = "<group>";
		};
		9168959A2DC46FEC0097BA88 /* Products */ = {
			isa = PBXGroup;
			children = (
				916895992DC46FEC0097BA88 /* Rhythm.app */,
				916895A72DC46FEE0097BA88 /* RhythmTests.xctest */,
				916895B12DC46FEE0097BA88 /* RhythmUITests.xctest */,
			);
			name = Products;
			sourceTree = "<group>";
		};
		918FC4DA2DC49DA60007616C /* Extensions */ = {
			isa = PBXGroup;
			children = (
				918FC4D92DC49DA60007616C /* Date+Extensions.swift */,
			);
			path = Extensions;
			sourceTree = "<group>";
		};
		918FC4DD2DC49DA60007616C /* Helpers */ = {
			isa = PBXGroup;
			children = (
				918FC4DC2DC49DA60007616C /* TimerHelper.swift */,
			);
			path = Helpers;
			sourceTree = "<group>";
		};
		918FC4E02DC49DA60007616C /* Models */ = {
			isa = PBXGroup;
			children = (
				918FC4DE2DC49DA60007616C /* Session.swift */,
				918FC4DF2DC49DA60007616C /* Task.swift */,
			);
			path = Models;
			sourceTree = "<group>";
		};
		918FC4E22DC49DA60007616C /* Resources */ = {
			isa = PBXGroup;
			children = (
				918FC4E12DC49DA60007616C /* Constants.swift */,
			);
			path = Resources;
			sourceTree = "<group>";
		};
		918FC4E72DC49DA60007616C /* RhythmTests */ = {
			isa = PBXGroup;
			children = (
				918FC4E62DC49DA60007616C /* RhythmTests.swift */,
			);
			path = RhythmTests;
			sourceTree = "<group>";
		};
		918FC4EA2DC49DA60007616C /* RhythmUITests */ = {
			isa = PBXGroup;
			children = (
				918FC4E82DC49DA60007616C /* RhythmUITests.swift */,
				918FC4E92DC49DA60007616C /* RhythmUITestsLaunchTests.swift */,
			);
			path = RhythmUITests;
			sourceTree = "<group>";
		};
		918FC4EE2DC49DA60007616C /* Services */ = {
			isa = PBXGroup;
			children = (
				918FC4EB2DC49DA60007616C /* NotificationService.swift */,
				918FC4EC2DC49DA60007616C /* PomodoroScheduler.swift */,
				918FC4ED2DC49DA60007616C /* TaskDataService.swift */,
			);
			path = Services;
			sourceTree = "<group>";
		};
		918FC4F22DC49DA60007616C /* ViewModels */ = {
			isa = PBXGroup;
			children = (
				918FC4EF2DC49DA60007616C /* SettingsViewModel.swift */,
				918FC4F02DC49DA60007616C /* TaskViewModel.swift */,
				918FC4F12DC49DA60007616C /* TimerViewModel.swift */,
			);
			path = ViewModels;
			sourceTree = "<group>";
		};
		918FC4F92DC49DA60007616C /* Views */ = {
			isa = PBXGroup;
			children = (
				918FC4F32DC49DA60007616C /* HomeView.swift */,
				918FC4F42DC49DA60007616C /* PomodoroView.swift */,
				918FC4F52DC49DA60007616C /* SettingsView.swift */,
				918FC4F62DC49DA60007616C /* TaskDetailView.swift */,
				918FC4F72DC49DA60007616C /* TaskListView.swift */,
				918FC4F82DC49DA60007616C /* TimerControlsView.swift */,
			);
			path = Views;
			sourceTree = "<group>";
		};
		918FC4FA2DC49DA60007616C /* Products */ = {
			isa = PBXGroup;
			name = Products;
			sourceTree = "<group>";
		};
/* End PBXGroup section */

/* Begin PBXNativeTarget section */
		916895982DC46FEC0097BA88 /* Rhythm */ = {
			isa = PBXNativeTarget;
			buildConfigurationList = 916895BB2DC46FEE0097BA88 /* Build configuration list for PBXNativeTarget "Rhythm" */;
			buildPhases = (
				916895952DC46FEC0097BA88 /* Sources */,
				916895962DC46FEC0097BA88 /* Frameworks */,
				916895972DC46FEC0097BA88 /* Resources */,
			);
			buildRules = (
			);
			dependencies = (
			);
			fileSystemSynchronizedGroups = (
				9168959B2DC46FEC0097BA88 /* Rhythm */,
			);
			name = Rhythm;
			packageProductDependencies = (
				918FC5152DC49E7F0007616C /* FirebaseAnalytics */,
				918FC5172DC49E7F0007616C /* FirebaseAnalyticsOnDeviceConversion */,
				918FC5192DC49E7F0007616C /* FirebaseAnalyticsWithoutAdIdSupport */,
				918FC51B2DC49E7F0007616C /* FirebaseAppCheck */,
				918FC51D2DC49E7F0007616C /* FirebaseAppDistribution-Beta */,
			);
			productName = Rhythm;
			productReference = 916895992DC46FEC0097BA88 /* Rhythm.app */;
			productType = "com.apple.product-type.application";
		};
		916895A62DC46FEE0097BA88 /* RhythmTests */ = {
			isa = PBXNativeTarget;
			buildConfigurationList = 916895BE2DC46FEE0097BA88 /* Build configuration list for PBXNativeTarget "RhythmTests" */;
			buildPhases = (
				916895A32DC46FEE0097BA88 /* Sources */,
				916895A42DC46FEE0097BA88 /* Frameworks */,
				916895A52DC46FEE0097BA88 /* Resources */,
			);
			buildRules = (
			);
			dependencies = (
				916895A92DC46FEE0097BA88 /* PBXTargetDependency */,
			);
			fileSystemSynchronizedGroups = (
				916895AA2DC46FEE0097BA88 /* RhythmTests */,
			);
			name = RhythmTests;
			packageProductDependencies = (
			);
			productName = RhythmTests;
			productReference = 916895A72DC46FEE0097BA88 /* RhythmTests.xctest */;
			productType = "com.apple.product-type.bundle.unit-test";
		};
		916895B02DC46FEE0097BA88 /* RhythmUITests */ = {
			isa = PBXNativeTarget;
			buildConfigurationList = 916895C12DC46FEE0097BA88 /* Build configuration list for PBXNativeTarget "RhythmUITests" */;
			buildPhases = (
				916895AD2DC46FEE0097BA88 /* Sources */,
				916895AE2DC46FEE0097BA88 /* Frameworks */,
				916895AF2DC46FEE0097BA88 /* Resources */,
			);
			buildRules = (
			);
			dependencies = (
				916895B32DC46FEE0097BA88 /* PBXTargetDependency */,
			);
			fileSystemSynchronizedGroups = (
				916895B42DC46FEE0097BA88 /* RhythmUITests */,
			);
			name = RhythmUITests;
			packageProductDependencies = (
			);
			productName = RhythmUITests;
			productReference = 916895B12DC46FEE0097BA88 /* RhythmUITests.xctest */;
			productType = "com.apple.product-type.bundle.ui-testing";
		};
/* End PBXNativeTarget section */

/* Begin PBXProject section */
		916895912DC46FEC0097BA88 /* Project object */ = {
			isa = PBXProject;
			attributes = {
				BuildIndependentTargetsInParallel = 1;
				LastSwiftUpdateCheck = 1630;
				LastUpgradeCheck = 1630;
				TargetAttributes = {
					916895982DC46FEC0097BA88 = {
						CreatedOnToolsVersion = 16.3;
					};
					916895A62DC46FEE0097BA88 = {
						CreatedOnToolsVersion = 16.3;
						TestTargetID = 916895982DC46FEC0097BA88;
					};
					916895B02DC46FEE0097BA88 = {
						CreatedOnToolsVersion = 16.3;
						TestTargetID = 916895982DC46FEC0097BA88;
					};
				};
			};
			buildConfigurationList = 916895942DC46FEC0097BA88 /* Build configuration list for PBXProject "Rhythm" */;
			developmentRegion = en;
			hasScannedForEncodings = 0;
			knownRegions = (
				en,
				Base,
			);
			mainGroup = 916895902DC46FEC0097BA88;
			minimizedProjectReferenceProxies = 1;
			packageReferences = (
				918FC5142DC49E7F0007616C /* XCRemoteSwiftPackageReference "firebase-ios-sdk" */,
			);
			preferredProjectObjectVersion = 77;
			productRefGroup = 9168959A2DC46FEC0097BA88 /* Products */;
			projectDirPath = "";
			projectReferences = (
				{
					ProductGroup = 918FC4FA2DC49DA60007616C /* Products */;
					ProjectRef = 918FC4E42DC49DA60007616C /* Rhythm.xcodeproj */;
				},
			);
			projectRoot = "";
			targets = (
				916895982DC46FEC0097BA88 /* Rhythm */,
				916895A62DC46FEE0097BA88 /* RhythmTests */,
				916895B02DC46FEE0097BA88 /* RhythmUITests */,
			);
		};
/* End PBXProject section */

/* Begin PBXResourcesBuildPhase section */
		916895972DC46FEC0097BA88 /* Resources */ = {
			isa = PBXResourcesBuildPhase;
			buildActionMask = 2147483647;
			files = (
				918FC5122DC49DA60007616C /* Assets.xcassets in Resources */,
				918FC5132DC49DA60007616C /* GoogleService-Info.plist in Resources */,
			);
			runOnlyForDeploymentPostprocessing = 0;
		};
		916895A52DC46FEE0097BA88 /* Resources */ = {
			isa = PBXResourcesBuildPhase;
			buildActionMask = 2147483647;
			files = (
			);
			runOnlyForDeploymentPostprocessing = 0;
		};
		916895AF2DC46FEE0097BA88 /* Resources */ = {
			isa = PBXResourcesBuildPhase;
			buildActionMask = 2147483647;
			files = (
			);
			runOnlyForDeploymentPostprocessing = 0;
		};
/* End PBXResourcesBuildPhase section */

/* Begin PBXSourcesBuildPhase section */
		916895952DC46FEC0097BA88 /* Sources */ = {
			isa = PBXSourcesBuildPhase;
			buildActionMask = 2147483647;
			files = (
				918FC4FC2DC49DA60007616C /* TaskDetailView.swift in Sources */,
				918FC4FD2DC49DA60007616C /* Session.swift in Sources */,
				918FC4FE2DC49DA60007616C /* RhythmApp.swift in Sources */,
				918FC4FF2DC49DA60007616C /* SettingsView.swift in Sources */,
				918FC5002DC49DA60007616C /* PomodoroView.swift in Sources */,
				918FC5012DC49DA60007616C /* RhythmTests.swift in Sources */,
				918FC5022DC49DA60007616C /* Constants.swift in Sources */,
				918FC5032DC49DA60007616C /* SettingsViewModel.swift in Sources */,
				918FC5042DC49DA60007616C /* TaskDataService.swift in Sources */,
				918FC5052DC49DA60007616C /* TaskViewModel.swift in Sources */,
				918FC5062DC49DA60007616C /* NotificationService.swift in Sources */,
				918FC5072DC49DA60007616C /* HomeView.swift in Sources */,
				918FC5082DC49DA60007616C /* TaskListView.swift in Sources */,
				918FC5092DC49DA60007616C /* TimerControlsView.swift in Sources */,
				918FC50A2DC49DA60007616C /* RhythmUITestsLaunchTests.swift in Sources */,
				918FC50B2DC49DA60007616C /* RhythmUITests.swift in Sources */,
				918FC50C2DC49DA60007616C /* Task.swift in Sources */,
				918FC50D2DC49DA60007616C /* ContentView.swift in Sources */,
				918FC50E2DC49DA60007616C /* PomodoroScheduler.swift in Sources */,
				918FC50F2DC49DA60007616C /* TimerHelper.swift in Sources */,
				918FC5102DC49DA60007616C /* TimerViewModel.swift in Sources */,
				918FC5112DC49DA60007616C /* Date+Extensions.swift in Sources */,
			);
			runOnlyForDeploymentPostprocessing = 0;
		};
		916895A32DC46FEE0097BA88 /* Sources */ = {
			isa = PBXSourcesBuildPhase;
			buildActionMask = 2147483647;
			files = (
			);
			runOnlyForDeploymentPostprocessing = 0;
		};
		916895AD2DC46FEE0097BA88 /* Sources */ = {
			isa = PBXSourcesBuildPhase;
			buildActionMask = 2147483647;
			files = (
			);
			runOnlyForDeploymentPostprocessing = 0;
		};
/* End PBXSourcesBuildPhase section */

/* Begin PBXTargetDependency section */
		916895A92DC46FEE0097BA88 /* PBXTargetDependency */ = {
			isa = PBXTargetDependency;
			target = 916895982DC46FEC0097BA88 /* Rhythm */;
			targetProxy = 916895A82DC46FEE0097BA88 /* PBXContainerItemProxy */;
		};
		916895B32DC46FEE0097BA88 /* PBXTargetDependency */ = {
			isa = PBXTargetDependency;
			target = 916895982DC46FEC0097BA88 /* Rhythm */;
			targetProxy = 916895B22DC46FEE0097BA88 /* PBXContainerItemProxy */;
		};
/* End PBXTargetDependency section */

/* Begin XCBuildConfiguration section */
		916895B92DC46FEE0097BA88 /* Debug */ = {
			isa = XCBuildConfiguration;
			buildSettings = {
				ALWAYS_SEARCH_USER_PATHS = NO;
				ASSETCATALOG_COMPILER_GENERATE_SWIFT_ASSET_SYMBOL_EXTENSIONS = YES;
				CLANG_ANALYZER_NONNULL = YES;
				CLANG_ANALYZER_NUMBER_OBJECT_CONVERSION = YES_AGGRESSIVE;
				CLANG_CXX_LANGUAGE_STANDARD = "gnu++20";
				CLANG_ENABLE_MODULES = YES;
				CLANG_ENABLE_OBJC_ARC = YES;
				CLANG_ENABLE_OBJC_WEAK = YES;
				CLANG_WARN_BLOCK_CAPTURE_AUTORELEASING = YES;
				CLANG_WARN_BOOL_CONVERSION = YES;
				CLANG_WARN_COMMA = YES;
				CLANG_WARN_CONSTANT_CONVERSION = YES;
				CLANG_WARN_DEPRECATED_OBJC_IMPLEMENTATIONS = YES;
				CLANG_WARN_DIRECT_OBJC_ISA_USAGE = YES_ERROR;
				CLANG_WARN_DOCUMENTATION_COMMENTS = YES;
				CLANG_WARN_EMPTY_BODY = YES;
				CLANG_WARN_ENUM_CONVERSION = YES;
				CLANG_WARN_INFINITE_RECURSION = YES;
				CLANG_WARN_INT_CONVERSION = YES;
				CLANG_WARN_NON_LITERAL_NULL_CONVERSION = YES;
				CLANG_WARN_OBJC_IMPLICIT_RETAIN_SELF = YES;
				CLANG_WARN_OBJC_LITERAL_CONVERSION = YES;
				CLANG_WARN_OBJC_ROOT_CLASS = YES_ERROR;
				CLANG_WARN_QUOTED_INCLUDE_IN_FRAMEWORK_HEADER = YES;
				CLANG_WARN_RANGE_LOOP_ANALYSIS = YES;
				CLANG_WARN_STRICT_PROTOTYPES = YES;
				CLANG_WARN_SUSPICIOUS_MOVE = YES;
				CLANG_WARN_UNGUARDED_AVAILABILITY = YES_AGGRESSIVE;
				CLANG_WARN_UNREACHABLE_CODE = YES;
				CLANG_WARN__DUPLICATE_METHOD_MATCH = YES;
				COPY_PHASE_STRIP = NO;
				DEBUG_INFORMATION_FORMAT = dwarf;
				DEVELOPMENT_TEAM = VG3VPTDUH4;
				ENABLE_STRICT_OBJC_MSGSEND = YES;
				ENABLE_TESTABILITY = YES;
				ENABLE_USER_SCRIPT_SANDBOXING = YES;
				GCC_C_LANGUAGE_STANDARD = gnu17;
				GCC_DYNAMIC_NO_PIC = NO;
				GCC_NO_COMMON_BLOCKS = YES;
				GCC_OPTIMIZATION_LEVEL = 0;
				GCC_PREPROCESSOR_DEFINITIONS = (
					"DEBUG=1",
					"$(inherited)",
				);
				GCC_WARN_64_TO_32_BIT_CONVERSION = YES;
				GCC_WARN_ABOUT_RETURN_TYPE = YES_ERROR;
				GCC_WARN_UNDECLARED_SELECTOR = YES;
				GCC_WARN_UNINITIALIZED_AUTOS = YES_AGGRESSIVE;
				GCC_WARN_UNUSED_FUNCTION = YES;
				GCC_WARN_UNUSED_VARIABLE = YES;
				LOCALIZATION_PREFERS_STRING_CATALOGS = YES;
				MTL_ENABLE_DEBUG_INFO = INCLUDE_SOURCE;
				MTL_FAST_MATH = YES;
				ONLY_ACTIVE_ARCH = YES;
				SWIFT_ACTIVE_COMPILATION_CONDITIONS = "DEBUG $(inherited)";
				SWIFT_OPTIMIZATION_LEVEL = "-Onone";
			};
			name = Debug;
		};
		916895BA2DC46FEE0097BA88 /* Release */ = {
			isa = XCBuildConfiguration;
			buildSettings = {
				ALWAYS_SEARCH_USER_PATHS = NO;
				ASSETCATALOG_COMPILER_GENERATE_SWIFT_ASSET_SYMBOL_EXTENSIONS = YES;
				CLANG_ANALYZER_NONNULL = YES;
				CLANG_ANALYZER_NUMBER_OBJECT_CONVERSION = YES_AGGRESSIVE;
				CLANG_CXX_LANGUAGE_STANDARD = "gnu++20";
				CLANG_ENABLE_MODULES = YES;
				CLANG_ENABLE_OBJC_ARC = YES;
				CLANG_ENABLE_OBJC_WEAK = YES;
				CLANG_WARN_BLOCK_CAPTURE_AUTORELEASING = YES;
				CLANG_WARN_BOOL_CONVERSION = YES;
				CLANG_WARN_COMMA = YES;
				CLANG_WARN_CONSTANT_CONVERSION = YES;
				CLANG_WARN_DEPRECATED_OBJC_IMPLEMENTATIONS = YES;
				CLANG_WARN_DIRECT_OBJC_ISA_USAGE = YES_ERROR;
				CLANG_WARN_DOCUMENTATION_COMMENTS = YES;
				CLANG_WARN_EMPTY_BODY = YES;
				CLANG_WARN_ENUM_CONVERSION = YES;
				CLANG_WARN_INFINITE_RECURSION = YES;
				CLANG_WARN_INT_CONVERSION = YES;
				CLANG_WARN_NON_LITERAL_NULL_CONVERSION = YES;
				CLANG_WARN_OBJC_IMPLICIT_RETAIN_SELF = YES;
				CLANG_WARN_OBJC_LITERAL_CONVERSION = YES;
				CLANG_WARN_OBJC_ROOT_CLASS = YES_ERROR;
				CLANG_WARN_QUOTED_INCLUDE_IN_FRAMEWORK_HEADER = YES;
				CLANG_WARN_RANGE_LOOP_ANALYSIS = YES;
				CLANG_WARN_STRICT_PROTOTYPES = YES;
				CLANG_WARN_SUSPICIOUS_MOVE = YES;
				CLANG_WARN_UNGUARDED_AVAILABILITY = YES_AGGRESSIVE;
				CLANG_WARN_UNREACHABLE_CODE = YES;
				CLANG_WARN__DUPLICATE_METHOD_MATCH = YES;
				COPY_PHASE_STRIP = NO;
				DEBUG_INFORMATION_FORMAT = "dwarf-with-dsym";
				DEVELOPMENT_TEAM = VG3VPTDUH4;
				ENABLE_NS_ASSERTIONS = NO;
				ENABLE_STRICT_OBJC_MSGSEND = YES;
				ENABLE_USER_SCRIPT_SANDBOXING = YES;
				GCC_C_LANGUAGE_STANDARD = gnu17;
				GCC_NO_COMMON_BLOCKS = YES;
				GCC_WARN_64_TO_32_BIT_CONVERSION = YES;
				GCC_WARN_ABOUT_RETURN_TYPE = YES_ERROR;
				GCC_WARN_UNDECLARED_SELECTOR = YES;
				GCC_WARN_UNINITIALIZED_AUTOS = YES_AGGRESSIVE;
				GCC_WARN_UNUSED_FUNCTION = YES;
				GCC_WARN_UNUSED_VARIABLE = YES;
				LOCALIZATION_PREFERS_STRING_CATALOGS = YES;
				MTL_ENABLE_DEBUG_INFO = NO;
				MTL_FAST_MATH = YES;
				SWIFT_COMPILATION_MODE = wholemodule;
			};
			name = Release;
		};
		916895BC2DC46FEE0097BA88 /* Debug */ = {
			isa = XCBuildConfiguration;
			buildSettings = {
				ASSETCATALOG_COMPILER_APPICON_NAME = AppIcon;
				ASSETCATALOG_COMPILER_GLOBAL_ACCENT_COLOR_NAME = AccentColor;
				CODE_SIGN_ENTITLEMENTS = Rhythm/Rhythm.entitlements;
				"CODE_SIGN_IDENTITY[sdk=macosx*]" = "Apple Development";
				CODE_SIGN_STYLE = Automatic;
				CURRENT_PROJECT_VERSION = 1;
				DEVELOPMENT_TEAM = VG3VPTDUH4;
				ENABLE_HARDENED_RUNTIME = YES;
				ENABLE_PREVIEWS = YES;
				GENERATE_INFOPLIST_FILE = YES;
				"INFOPLIST_KEY_UIApplicationSceneManifest_Generation[sdk=iphoneos*]" = YES;
				"INFOPLIST_KEY_UIApplicationSceneManifest_Generation[sdk=iphonesimulator*]" = YES;
				"INFOPLIST_KEY_UIApplicationSupportsIndirectInputEvents[sdk=iphoneos*]" = YES;
				"INFOPLIST_KEY_UIApplicationSupportsIndirectInputEvents[sdk=iphonesimulator*]" = YES;
				"INFOPLIST_KEY_UILaunchScreen_Generation[sdk=iphoneos*]" = YES;
				"INFOPLIST_KEY_UILaunchScreen_Generation[sdk=iphonesimulator*]" = YES;
				"INFOPLIST_KEY_UIStatusBarStyle[sdk=iphoneos*]" = UIStatusBarStyleDefault;
				"INFOPLIST_KEY_UIStatusBarStyle[sdk=iphonesimulator*]" = UIStatusBarStyleDefault;
				INFOPLIST_KEY_UISupportedInterfaceOrientations_iPad = "UIInterfaceOrientationPortrait UIInterfaceOrientationPortraitUpsideDown UIInterfaceOrientationLandscapeLeft UIInterfaceOrientationLandscapeRight";
				INFOPLIST_KEY_UISupportedInterfaceOrientations_iPhone = "UIInterfaceOrientationPortrait UIInterfaceOrientationLandscapeLeft UIInterfaceOrientationLandscapeRight";
				IPHONEOS_DEPLOYMENT_TARGET = 18.4;
				LD_RUNPATH_SEARCH_PATHS = "@executable_path/Frameworks";
				"LD_RUNPATH_SEARCH_PATHS[sdk=macosx*]" = "@executable_path/../Frameworks";
				MACOSX_DEPLOYMENT_TARGET = 15.4;
				MARKETING_VERSION = 1.0;
				PRODUCT_BUNDLE_IDENTIFIER = me.masonforeman.Rhythm;
				PRODUCT_NAME = "$(TARGET_NAME)";
				REGISTER_APP_GROUPS = YES;
				SDKROOT = auto;
				SUPPORTED_PLATFORMS = "iphoneos iphonesimulator macosx xros xrsimulator";
				SWIFT_EMIT_LOC_STRINGS = YES;
				SWIFT_VERSION = 5.0;
				TARGETED_DEVICE_FAMILY = "1,2,7";
				XROS_DEPLOYMENT_TARGET = 2.4;
			};
			name = Debug;
		};
		916895BD2DC46FEE0097BA88 /* Release */ = {
			isa = XCBuildConfiguration;
			buildSettings = {
				ASSETCATALOG_COMPILER_APPICON_NAME = AppIcon;
				ASSETCATALOG_COMPILER_GLOBAL_ACCENT_COLOR_NAME = AccentColor;
				CODE_SIGN_ENTITLEMENTS = Rhythm/Rhythm.entitlements;
				"CODE_SIGN_IDENTITY[sdk=macosx*]" = "Apple Development";
				CODE_SIGN_STYLE = Automatic;
				CURRENT_PROJECT_VERSION = 1;
				DEVELOPMENT_TEAM = VG3VPTDUH4;
				ENABLE_HARDENED_RUNTIME = YES;
				ENABLE_PREVIEWS = YES;
				GENERATE_INFOPLIST_FILE = YES;
				"INFOPLIST_KEY_UIApplicationSceneManifest_Generation[sdk=iphoneos*]" = YES;
				"INFOPLIST_KEY_UIApplicationSceneManifest_Generation[sdk=iphonesimulator*]" = YES;
				"INFOPLIST_KEY_UIApplicationSupportsIndirectInputEvents[sdk=iphoneos*]" = YES;
				"INFOPLIST_KEY_UIApplicationSupportsIndirectInputEvents[sdk=iphonesimulator*]" = YES;
				"INFOPLIST_KEY_UILaunchScreen_Generation[sdk=iphoneos*]" = YES;
				"INFOPLIST_KEY_UILaunchScreen_Generation[sdk=iphonesimulator*]" = YES;
				"INFOPLIST_KEY_UIStatusBarStyle[sdk=iphoneos*]" = UIStatusBarStyleDefault;
				"INFOPLIST_KEY_UIStatusBarStyle[sdk=iphonesimulator*]" = UIStatusBarStyleDefault;
				INFOPLIST_KEY_UISupportedInterfaceOrientations_iPad = "UIInterfaceOrientationPortrait UIInterfaceOrientationPortraitUpsideDown UIInterfaceOrientationLandscapeLeft UIInterfaceOrientationLandscapeRight";
				INFOPLIST_KEY_UISupportedInterfaceOrientations_iPhone = "UIInterfaceOrientationPortrait UIInterfaceOrientationLandscapeLeft UIInterfaceOrientationLandscapeRight";
				IPHONEOS_DEPLOYMENT_TARGET = 18.4;
				LD_RUNPATH_SEARCH_PATHS = "@executable_path/Frameworks";
				"LD_RUNPATH_SEARCH_PATHS[sdk=macosx*]" = "@executable_path/../Frameworks";
				MACOSX_DEPLOYMENT_TARGET = 15.4;
				MARKETING_VERSION = 1.0;
				PRODUCT_BUNDLE_IDENTIFIER = me.masonforeman.Rhythm;
				PRODUCT_NAME = "$(TARGET_NAME)";
				REGISTER_APP_GROUPS = YES;
				SDKROOT = auto;
				SUPPORTED_PLATFORMS = "iphoneos iphonesimulator macosx xros xrsimulator";
				SWIFT_EMIT_LOC_STRINGS = YES;
				SWIFT_VERSION = 5.0;
				TARGETED_DEVICE_FAMILY = "1,2,7";
				XROS_DEPLOYMENT_TARGET = 2.4;
			};
			name = Release;
		};
		916895BF2DC46FEE0097BA88 /* Debug */ = {
			isa = XCBuildConfiguration;
			buildSettings = {
				BUNDLE_LOADER = "$(TEST_HOST)";
				CODE_SIGN_STYLE = Automatic;
				CURRENT_PROJECT_VERSION = 1;
				DEVELOPMENT_TEAM = VG3VPTDUH4;
				GENERATE_INFOPLIST_FILE = YES;
				IPHONEOS_DEPLOYMENT_TARGET = 18.4;
				MACOSX_DEPLOYMENT_TARGET = 15.4;
				MARKETING_VERSION = 1.0;
				PRODUCT_BUNDLE_IDENTIFIER = me.masonforeman.RhythmTests;
				PRODUCT_NAME = "$(TARGET_NAME)";
				SDKROOT = auto;
				SUPPORTED_PLATFORMS = "iphoneos iphonesimulator macosx xros xrsimulator";
				SWIFT_EMIT_LOC_STRINGS = NO;
				SWIFT_VERSION = 5.0;
				TARGETED_DEVICE_FAMILY = "1,2,7";
				TEST_HOST = "$(BUILT_PRODUCTS_DIR)/Rhythm.app/$(BUNDLE_EXECUTABLE_FOLDER_PATH)/Rhythm";
				XROS_DEPLOYMENT_TARGET = 2.4;
			};
			name = Debug;
		};
		916895C02DC46FEE0097BA88 /* Release */ = {
			isa = XCBuildConfiguration;
			buildSettings = {
				BUNDLE_LOADER = "$(TEST_HOST)";
				CODE_SIGN_STYLE = Automatic;
				CURRENT_PROJECT_VERSION = 1;
				DEVELOPMENT_TEAM = VG3VPTDUH4;
				GENERATE_INFOPLIST_FILE = YES;
				IPHONEOS_DEPLOYMENT_TARGET = 18.4;
				MACOSX_DEPLOYMENT_TARGET = 15.4;
				MARKETING_VERSION = 1.0;
				PRODUCT_BUNDLE_IDENTIFIER = me.masonforeman.RhythmTests;
				PRODUCT_NAME = "$(TARGET_NAME)";
				SDKROOT = auto;
				SUPPORTED_PLATFORMS = "iphoneos iphonesimulator macosx xros xrsimulator";
				SWIFT_EMIT_LOC_STRINGS = NO;
				SWIFT_VERSION = 5.0;
				TARGETED_DEVICE_FAMILY = "1,2,7";
				TEST_HOST = "$(BUILT_PRODUCTS_DIR)/Rhythm.app/$(BUNDLE_EXECUTABLE_FOLDER_PATH)/Rhythm";
				XROS_DEPLOYMENT_TARGET = 2.4;
			};
			name = Release;
		};
		916895C22DC46FEE0097BA88 /* Debug */ = {
			isa = XCBuildConfiguration;
			buildSettings = {
				CODE_SIGN_STYLE = Automatic;
				CURRENT_PROJECT_VERSION = 1;
				DEVELOPMENT_TEAM = VG3VPTDUH4;
				GENERATE_INFOPLIST_FILE = YES;
				IPHONEOS_DEPLOYMENT_TARGET = 18.4;
				MACOSX_DEPLOYMENT_TARGET = 15.4;
				MARKETING_VERSION = 1.0;
				PRODUCT_BUNDLE_IDENTIFIER = me.masonforeman.RhythmUITests;
				PRODUCT_NAME = "$(TARGET_NAME)";
				SDKROOT = auto;
				SUPPORTED_PLATFORMS = "iphoneos iphonesimulator macosx xros xrsimulator";
				SWIFT_EMIT_LOC_STRINGS = NO;
				SWIFT_VERSION = 5.0;
				TARGETED_DEVICE_FAMILY = "1,2,7";
				TEST_TARGET_NAME = Rhythm;
				XROS_DEPLOYMENT_TARGET = 2.4;
			};
			name = Debug;
		};
		916895C32DC46FEE0097BA88 /* Release */ = {
			isa = XCBuildConfiguration;
			buildSettings = {
				CODE_SIGN_STYLE = Automatic;
				CURRENT_PROJECT_VERSION = 1;
				DEVELOPMENT_TEAM = VG3VPTDUH4;
				GENERATE_INFOPLIST_FILE = YES;
				IPHONEOS_DEPLOYMENT_TARGET = 18.4;
				MACOSX_DEPLOYMENT_TARGET = 15.4;
				MARKETING_VERSION = 1.0;
				PRODUCT_BUNDLE_IDENTIFIER = me.masonforeman.RhythmUITests;
				PRODUCT_NAME = "$(TARGET_NAME)";
				SDKROOT = auto;
				SUPPORTED_PLATFORMS = "iphoneos iphonesimulator macosx xros xrsimulator";
				SWIFT_EMIT_LOC_STRINGS = NO;
				SWIFT_VERSION = 5.0;
				TARGETED_DEVICE_FAMILY = "1,2,7";
				TEST_TARGET_NAME = Rhythm;
				XROS_DEPLOYMENT_TARGET = 2.4;
			};
			name = Release;
		};
/* End XCBuildConfiguration section */

/* Begin XCConfigurationList section */
		916895942DC46FEC0097BA88 /* Build configuration list for PBXProject "Rhythm" */ = {
			isa = XCConfigurationList;
			buildConfigurations = (
				916895B92DC46FEE0097BA88 /* Debug */,
				916895BA2DC46FEE0097BA88 /* Release */,
			);
			defaultConfigurationIsVisible = 0;
			defaultConfigurationName = Release;
		};
		916895BB2DC46FEE0097BA88 /* Build configuration list for PBXNativeTarget "Rhythm" */ = {
			isa = XCConfigurationList;
			buildConfigurations = (
				916895BC2DC46FEE0097BA88 /* Debug */,
				916895BD2DC46FEE0097BA88 /* Release */,
			);
			defaultConfigurationIsVisible = 0;
			defaultConfigurationName = Release;
		};
		916895BE2DC46FEE0097BA88 /* Build configuration list for PBXNativeTarget "RhythmTests" */ = {
			isa = XCConfigurationList;
			buildConfigurations = (
				916895BF2DC46FEE0097BA88 /* Debug */,
				916895C02DC46FEE0097BA88 /* Release */,
			);
			defaultConfigurationIsVisible = 0;
			defaultConfigurationName = Release;
		};
		916895C12DC46FEE0097BA88 /* Build configuration list for PBXNativeTarget "RhythmUITests" */ = {
			isa = XCConfigurationList;
			buildConfigurations = (
				916895C22DC46FEE0097BA88 /* Debug */,
				916895C32DC46FEE0097BA88 /* Release */,
			);
			defaultConfigurationIsVisible = 0;
			defaultConfigurationName = Release;
		};
/* End XCConfigurationList section */

/* Begin XCRemoteSwiftPackageReference section */
		918FC5142DC49E7F0007616C /* XCRemoteSwiftPackageReference "firebase-ios-sdk" */ = {
			isa = XCRemoteSwiftPackageReference;
			repositoryURL = "https://github.com/firebase/firebase-ios-sdk";
			requirement = {
				kind = upToNextMajorVersion;
				minimumVersion = 11.12.0;
			};
		};
/* End XCRemoteSwiftPackageReference section */

/* Begin XCSwiftPackageProductDependency section */
		918FC5152DC49E7F0007616C /* FirebaseAnalytics */ = {
			isa = XCSwiftPackageProductDependency;
			package = 918FC5142DC49E7F0007616C /* XCRemoteSwiftPackageReference "firebase-ios-sdk" */;
			productName = FirebaseAnalytics;
		};
		918FC5172DC49E7F0007616C /* FirebaseAnalyticsOnDeviceConversion */ = {
			isa = XCSwiftPackageProductDependency;
			package = 918FC5142DC49E7F0007616C /* XCRemoteSwiftPackageReference "firebase-ios-sdk" */;
			productName = FirebaseAnalyticsOnDeviceConversion;
		};
		918FC5192DC49E7F0007616C /* FirebaseAnalyticsWithoutAdIdSupport */ = {
			isa = XCSwiftPackageProductDependency;
			package = 918FC5142DC49E7F0007616C /* XCRemoteSwiftPackageReference "firebase-ios-sdk" */;
			productName = FirebaseAnalyticsWithoutAdIdSupport;
		};
		918FC51B2DC49E7F0007616C /* FirebaseAppCheck */ = {
			isa = XCSwiftPackageProductDependency;
			package = 918FC5142DC49E7F0007616C /* XCRemoteSwiftPackageReference "firebase-ios-sdk" */;
			productName = FirebaseAppCheck;
		};
		918FC51D2DC49E7F0007616C /* FirebaseAppDistribution-Beta */ = {
			isa = XCSwiftPackageProductDependency;
			package = 918FC5142DC49E7F0007616C /* XCRemoteSwiftPackageReference "firebase-ios-sdk" */;
			productName = "FirebaseAppDistribution-Beta";
		};
/* End XCSwiftPackageProductDependency section */
	};
	rootObject = 916895912DC46FEC0097BA88 /* Project object */;
}
